
Microsoft Visual Studio Solution File, Format Version 12.00
# Visual Studio 15
VisualStudioVersion = 15.0.26730.3
MinimumVisualStudioVersion = 10.0.40219.1
Project("{9A19103F-16F7-4668-BE54-9A1E7A4F7556}") = "NetCoreMvcExample", "NetCoreMvcExample\NetCoreMvcExample.csproj", "{ABB00083-1A97-4593-8E78-56C47B2FBA44}"
EndProject
Project("{FAE04EC0-301F-11D3-BF4B-00C04F79EFBC}") = "LogicApplication", "ApplicationHelper\LogicApplication\LogicApplication.csproj", "{CD442E08-A5EA-4DB6-96EF-A1C2EB8DC597}"
EndProject
Global
	GlobalSection(SolutionConfigurationPlatforms) = preSolution
		Debug|Any CPU = Debug|Any CPU
		Release|Any CPU = Release|Any CPU
	EndGlobalSection
	GlobalSection(ProjectConfigurationPlatforms) = postSolution
		{ABB00083-1A97-4593-8E78-56C47B2FBA44}.Debug|Any CPU.ActiveCfg = Debug|Any CPU
		{ABB00083-1A97-4593-8E78-56C47B2FBA44}.Debug|Any CPU.Build.0 = Debug|Any CPU
		{ABB00083-1A97-4593-8E78-56C47B2FBA44}.Release|Any CPU.ActiveCfg = Release|Any CPU
		{ABB00083-1A97-4593-8E78-56C47B2FBA44}.Release|Any CPU.Build.0 = Release|Any CPU
		{CD442E08-A5EA-4DB6-96EF-A1C2EB8DC597}.Debug|Any CPU.ActiveCfg = Debug|Any CPU
		{CD442E08-A5EA-4DB6-96EF-A1C2EB8DC597}.Debug|Any CPU.Build.0 = Debug|Any CPU
		{CD442E08-A5EA-4DB6-96EF-A1C2EB8DC597}.Release|Any CPU.ActiveCfg = Release|Any CPU
		{CD442E08-A5EA-4DB6-96EF-A1C2EB8DC597}.Release|Any CPU.Build.0 = Release|Any CPU
	EndGlobalSection
	GlobalSection(SolutionProperties) = preSolution
		HideSolutionNode = FALSE
	EndGlobalSection
	GlobalSection(ExtensibilityGlobals) = postSolution
		SolutionGuid = {D40C32CE-3436-42CD-8D05-8D7442771DF5}
	EndGlobalSection
EndGlobal
